
Microsoft Visual Studio Solution File, Format Version 12.00
# Visual Studio Version 16
VisualStudioVersion = 16.0.29409.12
MinimumVisualStudioVersion = 10.0.40219.1
Project("{FAE04EC0-301F-11D3-BF4B-00C04F79EFBC}") = "TestLib", "TestLib\TestLib.csproj", "{162DEE86-50C8-44B1-8D33-AEDC6DEDAA21}"
EndProject
Project("{FAE04EC0-301F-11D3-BF4B-00C04F79EFBC}") = "TestApp", "TestApp\TestApp.csproj", "{B1108890-4998-47BA-AB0F-D44BC3CFDBEC}"
EndProject
Global
	GlobalSection(SolutionConfigurationPlatforms) = preSolution
		Debug|Any CPU = Debug|Any CPU
		Release|Any CPU = Release|Any CPU
	EndGlobalSection
	GlobalSection(ProjectConfigurationPlatforms) = postSolution
		{162DEE86-50C8-44B1-8D33-AEDC6DEDAA21}.Debug|Any CPU.ActiveCfg = Debug|Any CPU
		{162DEE86-50C8-44B1-8D33-AEDC6DEDAA21}.Debug|Any CPU.Build.0 = Debug|Any CPU
		{162DEE86-50C8-44B1-8D33-AEDC6DEDAA21}.Release|Any CPU.ActiveCfg = Release|Any CPU
		{162DEE86-50C8-44B1-8D33-AEDC6DEDAA21}.Release|Any CPU.Build.0 = Release|Any CPU
		{B1108890-4998-47BA-AB0F-D44BC3CFDBEC}.Debug|Any CPU.ActiveCfg = Debug|Any CPU
		{B1108890-4998-47BA-AB0F-D44BC3CFDBEC}.Debug|Any CPU.Build.0 = Debug|Any CPU
		{B1108890-4998-47BA-AB0F-D44BC3CFDBEC}.Release|Any CPU.ActiveCfg = Release|Any CPU
		{B1108890-4998-47BA-AB0F-D44BC3CFDBEC}.Release|Any CPU.Build.0 = Release|Any CPU
	EndGlobalSection
	GlobalSection(SolutionProperties) = preSolution
		HideSolutionNode = FALSE
	EndGlobalSection
	GlobalSection(ExtensibilityGlobals) = postSolution
		SolutionGuid = {47CC0C6F-86CC-4AD8-AE1D-8109879D467D}
	EndGlobalSection
EndGlobal
